{
  "version": 4,
  "terraform_version": "1.7.5",
  "serial": 1,
  "lineage": "158c143d-12a2-f47f-88e0-341c56ba2939",
  "outputs": {},
  "resources": [
    {
      "mode": "managed",
      "type": "aws_key_pair",
      "name": "Main_terra_key",
      "provider": "provider[\"registry.terraform.io/hashicorp/aws\"]",
      "instances": [
        {
          "schema_version": 1,
          "attributes": {
            "arn": "arn:aws:ec2:ap-south-1:730335359929:key-pair/main-key",
            "fingerprint": "d7:5a:a1:27:a8:c2:2f:9d:db:b6:88:73:0d:1b:af:4a",
            "id": "main-key",
            "key_name": "main-key",
            "key_name_prefix": "",
            "key_pair_id": "key-04d7db025eab71404",
            "key_type": "rsa",
            "public_key": "ssh-rsa AAAAB3NzaC1yc2EAAAADAQABAAABgQDExktHrUB+TeOxXNduoHo+ywcV01UkW6fXVaSOZAOQ182moEtF3d0yUc0Bh9NreLMYsz7V1kxubon91UMaNABD4Ccq5hS2ZAgfrSYwzqM4n6lnDvg+tS3wMJDSafc74IQt3lS2ij64wkvNTUjA5I9PE2J/jmQosWrudeEYPSjag+J6WR8RgxFOX0pW7Bt6/ONBgKITIDZyyRCxByQqsxPI5e9EdkoAX12qW5OgmEG4izkakI8/6X5bf1exoG6kQQ1GBbF6Db//yvJSApnTxbBVGoL9nbZz4du4EewUvGJUrurq2WlL7LtHVwlp7wHgfvl7TZ7UlP/t8V8oXfy7Z9GgvC0Cwjj78/yrRpM8Z7cFORR663MsFwXC3owYGwgc7WSKgb20QYcxpx4o/LXExOvKp8IrmkrOzoDvKxFtTwGyBLbOCXk5r2knsEppcnI/n2B+4PBoAzekVnSwp95dKlrKa5JyuGTBcj58z3v1dnlUYqJT0mWGMfKAX6tkvk0zGGc= LENOVO@DESKTOP-QJNQPEA",
            "tags": null,
            "tags_all": {}
          },
          "sensitive_attributes": [],
          "private": "eyJzY2hlbWFfdmVyc2lvbiI6IjEifQ=="
        }
      ]
    }
  ],
  "check_results": null
}
